// !$*UTF8*$!
{
	archiveVersion = 1;
	classes = {
	};
	objectVersion = 48;
	objects = {

/* Begin PBXBuildFile section */
		06417AC92087C25E0043BDB5 /* AppDelegate.swift in Sources */ = {isa = PBXBuildFile; fileRef = 06417AC82087C25E0043BDB5 /* AppDelegate.swift */; };
		06417ACB2087DBDB0043BDB5 /* ApiHttpPostUtil.swift in Sources */ = {isa = PBXBuildFile; fileRef = 06417ACA2087DBDB0043BDB5 /* ApiHttpPostUtil.swift */; };
		06A14D6F2074B3E20039C2BA /* ViewController.swift in Sources */ = {isa = PBXBuildFile; fileRef = 06A14D6E2074B3E20039C2BA /* ViewController.swift */; };
		06A14D722074B3E20039C2BA /* Main.storyboard in Resources */ = {isa = PBXBuildFile; fileRef = 06A14D702074B3E20039C2BA /* Main.storyboard */; };
		06A14D752074B3E20039C2BA /* Keystone.xcdatamodeld in Sources */ = {isa = PBXBuildFile; fileRef = 06A14D732074B3E20039C2BA /* Keystone.xcdatamodeld */; };
		06A14D772074B3E20039C2BA /* Assets.xcassets in Resources */ = {isa = PBXBuildFile; fileRef = 06A14D762074B3E20039C2BA /* Assets.xcassets */; };
		06A14D7A2074B3E20039C2BA /* LaunchScreen.storyboard in Resources */ = {isa = PBXBuildFile; fileRef = 06A14D782074B3E20039C2BA /* LaunchScreen.storyboard */; };
		06BFE2AB2089EE1A0027C259 /* TicketViewCell.swift in Sources */ = {isa = PBXBuildFile; fileRef = 06BFE2AA2089EE1A0027C259 /* TicketViewCell.swift */; };
		088952B6207D903300F64BA5 /* HomeCollectionViewCell.swift in Sources */ = {isa = PBXBuildFile; fileRef = 088952B4207D903300F64BA5 /* HomeCollectionViewCell.swift */; };
		088952B7207D903300F64BA5 /* HomeViewController.swift in Sources */ = {isa = PBXBuildFile; fileRef = 088952B5207D903300F64BA5 /* HomeViewController.swift */; };
		088952BA207D905D00F64BA5 /* Base.lproj in Resources */ = {isa = PBXBuildFile; fileRef = 088952B8207D905D00F64BA5 /* Base.lproj */; };
		08A41A1E20881875009755E6 /* TicketViewController.swift in Sources */ = {isa = PBXBuildFile; fileRef = 08A41A1D20881875009755E6 /* TicketViewController.swift */; };
		08DE4AC620886E6900BC8EA0 /* Ticket.swift in Sources */ = {isa = PBXBuildFile; fileRef = 08DE4AC520886E6900BC8EA0 /* Ticket.swift */; };
		A190A2FD208C5B1B004F9152 /* Alamofire.framework in Frameworks */ = {isa = PBXBuildFile; fileRef = A190A2F0208C5B0F004F9152 /* Alamofire.framework */; };
		A190A2FE208C5B1B004F9152 /* Alamofire.framework in Copy Frameworks */ = {isa = PBXBuildFile; fileRef = A190A2F0208C5B0F004F9152 /* Alamofire.framework */; settings = {ATTRIBUTES = (CodeSignOnCopy, RemoveHeadersOnCopy, ); }; };
		A190A302208C5E3A004F9152 /* Login.swift in Sources */ = {isa = PBXBuildFile; fileRef = A190A301208C5E3A004F9152 /* Login.swift */; };
		A190A304208D0C33004F9152 /* ContactViewController.swift in Sources */ = {isa = PBXBuildFile; fileRef = A190A303208D0C33004F9152 /* ContactViewController.swift */; };
/* End PBXBuildFile section */

/* Begin PBXContainerItemProxy section */
		A190A2EF208C5B0F004F9152 /* PBXContainerItemProxy */ = {
			isa = PBXContainerItemProxy;
			containerPortal = A190A2E4208C5B0E004F9152 /* Alamofire.xcodeproj */;
			proxyType = 2;
			remoteGlobalIDString = F8111E3319A95C8B0040E7D1;
			remoteInfo = "Alamofire iOS";
		};
		A190A2F1208C5B0F004F9152 /* PBXContainerItemProxy */ = {
			isa = PBXContainerItemProxy;
			containerPortal = A190A2E4208C5B0E004F9152 /* Alamofire.xcodeproj */;
			proxyType = 2;
			remoteGlobalIDString = F8111E3E19A95C8B0040E7D1;
			remoteInfo = "Alamofire iOS Tests";
		};
		A190A2F3208C5B0F004F9152 /* PBXContainerItemProxy */ = {
			isa = PBXContainerItemProxy;
			containerPortal = A190A2E4208C5B0E004F9152 /* Alamofire.xcodeproj */;
			proxyType = 2;
			remoteGlobalIDString = 4DD67C0B1A5C55C900ED2280;
			remoteInfo = "Alamofire macOS";
		};
		A190A2F5208C5B0F004F9152 /* PBXContainerItemProxy */ = {
			isa = PBXContainerItemProxy;
			containerPortal = A190A2E4208C5B0E004F9152 /* Alamofire.xcodeproj */;
			proxyType = 2;
			remoteGlobalIDString = F829C6B21A7A94F100A2CD59;
			remoteInfo = "Alamofire macOS Tests";
		};
		A190A2F7208C5B0F004F9152 /* PBXContainerItemProxy */ = {
			isa = PBXContainerItemProxy;
			containerPortal = A190A2E4208C5B0E004F9152 /* Alamofire.xcodeproj */;
			proxyType = 2;
			remoteGlobalIDString = 4CF626EF1BA7CB3E0011A099;
			remoteInfo = "Alamofire tvOS";
		};
		A190A2F9208C5B0F004F9152 /* PBXContainerItemProxy */ = {
			isa = PBXContainerItemProxy;
			containerPortal = A190A2E4208C5B0E004F9152 /* Alamofire.xcodeproj */;
			proxyType = 2;
			remoteGlobalIDString = 4CF626F81BA7CB3E0011A099;
			remoteInfo = "Alamofire tvOS Tests";
		};
		A190A2FB208C5B0F004F9152 /* PBXContainerItemProxy */ = {
			isa = PBXContainerItemProxy;
			containerPortal = A190A2E4208C5B0E004F9152 /* Alamofire.xcodeproj */;
			proxyType = 2;
			remoteGlobalIDString = E4202FE01B667AA100C997FB;
			remoteInfo = "Alamofire watchOS";
		};
		A190A2FF208C5B1B004F9152 /* PBXContainerItemProxy */ = {
			isa = PBXContainerItemProxy;
			containerPortal = A190A2E4208C5B0E004F9152 /* Alamofire.xcodeproj */;
			proxyType = 1;
			remoteGlobalIDString = F8111E3219A95C8B0040E7D1;
			remoteInfo = "Alamofire iOS";
		};
/* End PBXContainerItemProxy section */

/* Begin PBXCopyFilesBuildPhase section */
		06F079BD2089842C00B7426B /* Copy Frameworks */ = {
			isa = PBXCopyFilesBuildPhase;
			buildActionMask = 2147483647;
			dstPath = "";
			dstSubfolderSpec = 10;
			files = (
				A190A2FE208C5B1B004F9152 /* Alamofire.framework in Copy Frameworks */,
			);
			name = "Copy Frameworks";
			runOnlyForDeploymentPostprocessing = 0;
		};
/* End PBXCopyFilesBuildPhase section */

/* Begin PBXFileReference section */
		06417AC82087C25E0043BDB5 /* AppDelegate.swift */ = {isa = PBXFileReference; lastKnownFileType = sourcecode.swift; path = AppDelegate.swift; sourceTree = "<group>"; };
		06417ACA2087DBDB0043BDB5 /* ApiHttpPostUtil.swift */ = {isa = PBXFileReference; lastKnownFileType = sourcecode.swift; path = ApiHttpPostUtil.swift; sourceTree = "<group>"; };
		06A14D692074B3E20039C2BA /* Keystone.app */ = {isa = PBXFileReference; explicitFileType = wrapper.application; includeInIndex = 0; path = Keystone.app; sourceTree = BUILT_PRODUCTS_DIR; };
		06A14D6E2074B3E20039C2BA /* ViewController.swift */ = {isa = PBXFileReference; lastKnownFileType = sourcecode.swift; path = ViewController.swift; sourceTree = "<group>"; };
		06A14D712074B3E20039C2BA /* Base */ = {isa = PBXFileReference; lastKnownFileType = file.storyboard; name = Base; path = Base.lproj/Main.storyboard; sourceTree = "<group>"; };
		06A14D742074B3E20039C2BA /* Keystone.xcdatamodel */ = {isa = PBXFileReference; lastKnownFileType = wrapper.xcdatamodel; path = Keystone.xcdatamodel; sourceTree = "<group>"; };
		06A14D762074B3E20039C2BA /* Assets.xcassets */ = {isa = PBXFileReference; lastKnownFileType = folder.assetcatalog; path = Assets.xcassets; sourceTree = "<group>"; };
		06A14D792074B3E20039C2BA /* Base */ = {isa = PBXFileReference; lastKnownFileType = file.storyboard; name = Base; path = Base.lproj/LaunchScreen.storyboard; sourceTree = "<group>"; };
		06A14D7B2074B3E20039C2BA /* Info.plist */ = {isa = PBXFileReference; lastKnownFileType = text.plist.xml; path = Info.plist; sourceTree = "<group>"; };
		06BFE2AA2089EE1A0027C259 /* TicketViewCell.swift */ = {isa = PBXFileReference; lastKnownFileType = sourcecode.swift; path = TicketViewCell.swift; sourceTree = "<group>"; };
		088952B4207D903300F64BA5 /* HomeCollectionViewCell.swift */ = {isa = PBXFileReference; fileEncoding = 4; lastKnownFileType = sourcecode.swift; path = HomeCollectionViewCell.swift; sourceTree = "<group>"; };
		088952B5207D903300F64BA5 /* HomeViewController.swift */ = {isa = PBXFileReference; fileEncoding = 4; lastKnownFileType = sourcecode.swift; path = HomeViewController.swift; sourceTree = "<group>"; };
		088952B8207D905D00F64BA5 /* Base.lproj */ = {isa = PBXFileReference; lastKnownFileType = folder; path = Base.lproj; sourceTree = "<group>"; };
		08A41A1D20881875009755E6 /* TicketViewController.swift */ = {isa = PBXFileReference; lastKnownFileType = sourcecode.swift; path = TicketViewController.swift; sourceTree = "<group>"; };
		08DE4AC520886E6900BC8EA0 /* Ticket.swift */ = {isa = PBXFileReference; lastKnownFileType = sourcecode.swift; path = Ticket.swift; sourceTree = "<group>"; };
		A190A2E4208C5B0E004F9152 /* Alamofire.xcodeproj */ = {isa = PBXFileReference; lastKnownFileType = "wrapper.pb-project"; name = Alamofire.xcodeproj; path = Alamofire/Alamofire.xcodeproj; sourceTree = "<group>"; };
		A190A301208C5E3A004F9152 /* Login.swift */ = {isa = PBXFileReference; lastKnownFileType = sourcecode.swift; path = Login.swift; sourceTree = "<group>"; };
		A190A303208D0C33004F9152 /* ContactViewController.swift */ = {isa = PBXFileReference; lastKnownFileType = sourcecode.swift; path = ContactViewController.swift; sourceTree = "<group>"; };
/* End PBXFileReference section */

/* Begin PBXFrameworksBuildPhase section */
		06A14D662074B3E20039C2BA /* Frameworks */ = {
			isa = PBXFrameworksBuildPhase;
			buildActionMask = 2147483647;
			files = (
				A190A2FD208C5B1B004F9152 /* Alamofire.framework in Frameworks */,
			);
			runOnlyForDeploymentPostprocessing = 0;
		};
/* End PBXFrameworksBuildPhase section */

/* Begin PBXGroup section */
		06A14D602074B3E20039C2BA = {
			isa = PBXGroup;
			children = (
				06A14D6B2074B3E20039C2BA /* Keystone */,
				06A14D6A2074B3E20039C2BA /* Products */,
				A190A2E4208C5B0E004F9152 /* Alamofire.xcodeproj */,
			);
			sourceTree = "<group>";
		};
		06A14D6A2074B3E20039C2BA /* Products */ = {
			isa = PBXGroup;
			children = (
				06A14D692074B3E20039C2BA /* Keystone.app */,
			);
			name = Products;
			sourceTree = "<group>";
		};
		06A14D6B2074B3E20039C2BA /* Keystone */ = {
			isa = PBXGroup;
			children = (
				088952B8207D905D00F64BA5 /* Base.lproj */,
				06417AC82087C25E0043BDB5 /* AppDelegate.swift */,
				06A14D6E2074B3E20039C2BA /* ViewController.swift */,
				A190A301208C5E3A004F9152 /* Login.swift */,
				A190A303208D0C33004F9152 /* ContactViewController.swift */,
				088952B5207D903300F64BA5 /* HomeViewController.swift */,
				088952B4207D903300F64BA5 /* HomeCollectionViewCell.swift */,
				08A41A1D20881875009755E6 /* TicketViewController.swift */,
				06BFE2AA2089EE1A0027C259 /* TicketViewCell.swift */,
				08DE4AC520886E6900BC8EA0 /* Ticket.swift */,
				06417ACA2087DBDB0043BDB5 /* ApiHttpPostUtil.swift */,
				06A14D702074B3E20039C2BA /* Main.storyboard */,
				06A14D762074B3E20039C2BA /* Assets.xcassets */,
				06A14D782074B3E20039C2BA /* LaunchScreen.storyboard */,
				06A14D7B2074B3E20039C2BA /* Info.plist */,
				06A14D732074B3E20039C2BA /* Keystone.xcdatamodeld */,
			);
			path = Keystone;
			sourceTree = "<group>";
		};
		A190A2E5208C5B0E004F9152 /* Products */ = {
			isa = PBXGroup;
			children = (
				A190A2F0208C5B0F004F9152 /* Alamofire.framework */,
				A190A2F2208C5B0F004F9152 /* Alamofire iOS Tests.xctest */,
				A190A2F4208C5B0F004F9152 /* Alamofire.framework */,
				A190A2F6208C5B0F004F9152 /* Alamofire macOS Tests.xctest */,
				A190A2F8208C5B0F004F9152 /* Alamofire.framework */,
				A190A2FA208C5B0F004F9152 /* Alamofire tvOS Tests.xctest */,
				A190A2FC208C5B0F004F9152 /* Alamofire.framework */,
			);
			name = Products;
			sourceTree = "<group>";
		};
/* End PBXGroup section */

/* Begin PBXNativeTarget section */
		06A14D682074B3E20039C2BA /* Keystone */ = {
			isa = PBXNativeTarget;
			buildConfigurationList = 06A14D7E2074B3E20039C2BA /* Build configuration list for PBXNativeTarget "Keystone" */;
			buildPhases = (
				06A14D652074B3E20039C2BA /* Sources */,
				06A14D662074B3E20039C2BA /* Frameworks */,
				06A14D672074B3E20039C2BA /* Resources */,
				06F079BD2089842C00B7426B /* Copy Frameworks */,
			);
			buildRules = (
			);
			dependencies = (
				A190A300208C5B1B004F9152 /* PBXTargetDependency */,
			);
			name = Keystone;
			productName = Keystone;
			productReference = 06A14D692074B3E20039C2BA /* Keystone.app */;
			productType = "com.apple.product-type.application";
		};
/* End PBXNativeTarget section */

/* Begin PBXProject section */
		06A14D612074B3E20039C2BA /* Project object */ = {
			isa = PBXProject;
			attributes = {
				LastSwiftUpdateCheck = 0920;
				LastUpgradeCheck = 0920;
				ORGANIZATIONNAME = Softchoice;
				TargetAttributes = {
					06A14D682074B3E20039C2BA = {
						CreatedOnToolsVersion = 9.2;
						LastSwiftMigration = 0930;
						ProvisioningStyle = Automatic;
					};
				};
			};
			buildConfigurationList = 06A14D642074B3E20039C2BA /* Build configuration list for PBXProject "Keystone" */;
			compatibilityVersion = "Xcode 8.0";
			developmentRegion = en;
			hasScannedForEncodings = 0;
			knownRegions = (
				en,
				Base,
			);
			mainGroup = 06A14D602074B3E20039C2BA;
			productRefGroup = 06A14D6A2074B3E20039C2BA /* Products */;
			projectDirPath = "";
			projectReferences = (
				{
					ProductGroup = A190A2E5208C5B0E004F9152 /* Products */;
					ProjectRef = A190A2E4208C5B0E004F9152 /* Alamofire.xcodeproj */;
				},
			);
			projectRoot = "";
			targets = (
				06A14D682074B3E20039C2BA /* Keystone */,
			);
		};
/* End PBXProject section */

/* Begin PBXReferenceProxy section */
		A190A2F0208C5B0F004F9152 /* Alamofire.framework */ = {
			isa = PBXReferenceProxy;
			fileType = wrapper.framework;
			path = Alamofire.framework;
			remoteRef = A190A2EF208C5B0F004F9152 /* PBXContainerItemProxy */;
			sourceTree = BUILT_PRODUCTS_DIR;
		};
		A190A2F2208C5B0F004F9152 /* Alamofire iOS Tests.xctest */ = {
			isa = PBXReferenceProxy;
			fileType = wrapper.cfbundle;
			path = "Alamofire iOS Tests.xctest";
			remoteRef = A190A2F1208C5B0F004F9152 /* PBXContainerItemProxy */;
			sourceTree = BUILT_PRODUCTS_DIR;
		};
		A190A2F4208C5B0F004F9152 /* Alamofire.framework */ = {
			isa = PBXReferenceProxy;
			fileType = wrapper.framework;
			path = Alamofire.framework;
			remoteRef = A190A2F3208C5B0F004F9152 /* PBXContainerItemProxy */;
			sourceTree = BUILT_PRODUCTS_DIR;
		};
		A190A2F6208C5B0F004F9152 /* Alamofire macOS Tests.xctest */ = {
			isa = PBXReferenceProxy;
			fileType = wrapper.cfbundle;
			path = "Alamofire macOS Tests.xctest";
			remoteRef = A190A2F5208C5B0F004F9152 /* PBXContainerItemProxy */;
			sourceTree = BUILT_PRODUCTS_DIR;
		};
		A190A2F8208C5B0F004F9152 /* Alamofire.framework */ = {
			isa = PBXReferenceProxy;
			fileType = wrapper.framework;
			path = Alamofire.framework;
			remoteRef = A190A2F7208C5B0F004F9152 /* PBXContainerItemProxy */;
			sourceTree = BUILT_PRODUCTS_DIR;
		};
		A190A2FA208C5B0F004F9152 /* Alamofire tvOS Tests.xctest */ = {
			isa = PBXReferenceProxy;
			fileType = wrapper.cfbundle;
			path = "Alamofire tvOS Tests.xctest";
			remoteRef = A190A2F9208C5B0F004F9152 /* PBXContainerItemProxy */;
			sourceTree = BUILT_PRODUCTS_DIR;
		};
		A190A2FC208C5B0F004F9152 /* Alamofire.framework */ = {
			isa = PBXReferenceProxy;
			fileType = wrapper.framework;
			path = Alamofire.framework;
			remoteRef = A190A2FB208C5B0F004F9152 /* PBXContainerItemProxy */;
			sourceTree = BUILT_PRODUCTS_DIR;
		};
/* End PBXReferenceProxy section */

/* Begin PBXResourcesBuildPhase section */
		06A14D672074B3E20039C2BA /* Resources */ = {
			isa = PBXResourcesBuildPhase;
			buildActionMask = 2147483647;
			files = (
				06A14D7A2074B3E20039C2BA /* LaunchScreen.storyboard in Resources */,
				06A14D772074B3E20039C2BA /* Assets.xcassets in Resources */,
				088952BA207D905D00F64BA5 /* Base.lproj in Resources */,
				06A14D722074B3E20039C2BA /* Main.storyboard in Resources */,
			);
			runOnlyForDeploymentPostprocessing = 0;
		};
/* End PBXResourcesBuildPhase section */

/* Begin PBXSourcesBuildPhase section */
		06A14D652074B3E20039C2BA /* Sources */ = {
			isa = PBXSourcesBuildPhase;
			buildActionMask = 2147483647;
			files = (
				06417AC92087C25E0043BDB5 /* AppDelegate.swift in Sources */,
				A190A302208C5E3A004F9152 /* Login.swift in Sources */,
				06BFE2AB2089EE1A0027C259 /* TicketViewCell.swift in Sources */,
				088952B7207D903300F64BA5 /* HomeViewController.swift in Sources */,
				06A14D6F2074B3E20039C2BA /* ViewController.swift in Sources */,
				08DE4AC620886E6900BC8EA0 /* Ticket.swift in Sources */,
				A190A304208D0C33004F9152 /* ContactViewController.swift in Sources */,
				06417ACB2087DBDB0043BDB5 /* ApiHttpPostUtil.swift in Sources */,
				08A41A1E20881875009755E6 /* TicketViewController.swift in Sources */,
				06A14D752074B3E20039C2BA /* Keystone.xcdatamodeld in Sources */,
				088952B6207D903300F64BA5 /* HomeCollectionViewCell.swift in Sources */,
			);
			runOnlyForDeploymentPostprocessing = 0;
		};
/* End PBXSourcesBuildPhase section */

/* Begin PBXTargetDependency section */
		A190A300208C5B1B004F9152 /* PBXTargetDependency */ = {
			isa = PBXTargetDependency;
			name = "Alamofire iOS";
			targetProxy = A190A2FF208C5B1B004F9152 /* PBXContainerItemProxy */;
		};
/* End PBXTargetDependency section */

/* Begin PBXVariantGroup section */
		06A14D702074B3E20039C2BA /* Main.storyboard */ = {
			isa = PBXVariantGroup;
			children = (
				06A14D712074B3E20039C2BA /* Base */,
			);
			name = Main.storyboard;
			sourceTree = "<group>";
		};
		06A14D782074B3E20039C2BA /* LaunchScreen.storyboard */ = {
			isa = PBXVariantGroup;
			children = (
				06A14D792074B3E20039C2BA /* Base */,
			);
			name = LaunchScreen.storyboard;
			sourceTree = "<group>";
		};
/* End PBXVariantGroup section */

/* Begin XCBuildConfiguration section */
		06A14D7C2074B3E20039C2BA /* Debug */ = {
			isa = XCBuildConfiguration;
			buildSettings = {
				ALWAYS_SEARCH_USER_PATHS = NO;
				CLANG_ANALYZER_NONNULL = YES;
				CLANG_ANALYZER_NUMBER_OBJECT_CONVERSION = YES_AGGRESSIVE;
				CLANG_CXX_LANGUAGE_STANDARD = "gnu++14";
				CLANG_CXX_LIBRARY = "libc++";
				CLANG_ENABLE_MODULES = YES;
				CLANG_ENABLE_OBJC_ARC = YES;
				CLANG_WARN_BLOCK_CAPTURE_AUTORELEASING = YES;
				CLANG_WARN_BOOL_CONVERSION = YES;
				CLANG_WARN_COMMA = YES;
				CLANG_WARN_CONSTANT_CONVERSION = YES;
				CLANG_WARN_DIRECT_OBJC_ISA_USAGE = YES_ERROR;
				CLANG_WARN_DOCUMENTATION_COMMENTS = YES;
				CLANG_WARN_EMPTY_BODY = YES;
				CLANG_WARN_ENUM_CONVERSION = YES;
				CLANG_WARN_INFINITE_RECURSION = YES;
				CLANG_WARN_INT_CONVERSION = YES;
				CLANG_WARN_NON_LITERAL_NULL_CONVERSION = YES;
				CLANG_WARN_OBJC_LITERAL_CONVERSION = YES;
				CLANG_WARN_OBJC_ROOT_CLASS = YES_ERROR;
				CLANG_WARN_RANGE_LOOP_ANALYSIS = YES;
				CLANG_WARN_STRICT_PROTOTYPES = YES;
				CLANG_WARN_SUSPICIOUS_MOVE = YES;
				CLANG_WARN_UNGUARDED_AVAILABILITY = YES_AGGRESSIVE;
				CLANG_WARN_UNREACHABLE_CODE = YES;
				CLANG_WARN__DUPLICATE_METHOD_MATCH = YES;
				CODE_SIGN_IDENTITY = "iPhone Developer";
				COPY_PHASE_STRIP = NO;
				DEBUG_INFORMATION_FORMAT = dwarf;
				ENABLE_STRICT_OBJC_MSGSEND = YES;
				ENABLE_TESTABILITY = YES;
				GCC_C_LANGUAGE_STANDARD = gnu11;
				GCC_DYNAMIC_NO_PIC = NO;
				GCC_NO_COMMON_BLOCKS = YES;
				GCC_OPTIMIZATION_LEVEL = 0;
				GCC_PREPROCESSOR_DEFINITIONS = (
					"DEBUG=1",
					"$(inherited)",
				);
				GCC_WARN_64_TO_32_BIT_CONVERSION = YES;
				GCC_WARN_ABOUT_RETURN_TYPE = YES_ERROR;
				GCC_WARN_UNDECLARED_SELECTOR = YES;
				GCC_WARN_UNINITIALIZED_AUTOS = YES_AGGRESSIVE;
				GCC_WARN_UNUSED_FUNCTION = YES;
				GCC_WARN_UNUSED_VARIABLE = YES;
				IPHONEOS_DEPLOYMENT_TARGET = 11.3;
				MTL_ENABLE_DEBUG_INFO = YES;
				ONLY_ACTIVE_ARCH = YES;
				SDKROOT = iphoneos;
				SWIFT_ACTIVE_COMPILATION_CONDITIONS = DEBUG;
				SWIFT_OPTIMIZATION_LEVEL = "-Onone";
			};
			name = Debug;
		};
		06A14D7D2074B3E20039C2BA /* Release */ = {
			isa = XCBuildConfiguration;
			buildSettings = {
				ALWAYS_SEARCH_USER_PATHS = NO;
				CLANG_ANALYZER_NONNULL = YES;
				CLANG_ANALYZER_NUMBER_OBJECT_CONVERSION = YES_AGGRESSIVE;
				CLANG_CXX_LANGUAGE_STANDARD = "gnu++14";
				CLANG_CXX_LIBRARY = "libc++";
				CLANG_ENABLE_MODULES = YES;
				CLANG_ENABLE_OBJC_ARC = YES;
				CLANG_WARN_BLOCK_CAPTURE_AUTORELEASING = YES;
				CLANG_WARN_BOOL_CONVERSION = YES;
				CLANG_WARN_COMMA = YES;
				CLANG_WARN_CONSTANT_CONVERSION = YES;
				CLANG_WARN_DIRECT_OBJC_ISA_USAGE = YES_ERROR;
				CLANG_WARN_DOCUMENTATION_COMMENTS = YES;
				CLANG_WARN_EMPTY_BODY = YES;
				CLANG_WARN_ENUM_CONVERSION = YES;
				CLANG_WARN_INFINITE_RECURSION = YES;
				CLANG_WARN_INT_CONVERSION = YES;
				CLANG_WARN_NON_LITERAL_NULL_CONVERSION = YES;
				CLANG_WARN_OBJC_LITERAL_CONVERSION = YES;
				CLANG_WARN_OBJC_ROOT_CLASS = YES_ERROR;
				CLANG_WARN_RANGE_LOOP_ANALYSIS = YES;
				CLANG_WARN_STRICT_PROTOTYPES = YES;
				CLANG_WARN_SUSPICIOUS_MOVE = YES;
				CLANG_WARN_UNGUARDED_AVAILABILITY = YES_AGGRESSIVE;
				CLANG_WARN_UNREACHABLE_CODE = YES;
				CLANG_WARN__DUPLICATE_METHOD_MATCH = YES;
				CODE_SIGN_IDENTITY = "iPhone Developer";
				COPY_PHASE_STRIP = NO;
				DEBUG_INFORMATION_FORMAT = "dwarf-with-dsym";
				ENABLE_NS_ASSERTIONS = NO;
				ENABLE_STRICT_OBJC_MSGSEND = YES;
				GCC_C_LANGUAGE_STANDARD = gnu11;
				GCC_NO_COMMON_BLOCKS = YES;
				GCC_WARN_64_TO_32_BIT_CONVERSION = YES;
				GCC_WARN_ABOUT_RETURN_TYPE = YES_ERROR;
				GCC_WARN_UNDECLARED_SELECTOR = YES;
				GCC_WARN_UNINITIALIZED_AUTOS = YES_AGGRESSIVE;
				GCC_WARN_UNUSED_FUNCTION = YES;
				GCC_WARN_UNUSED_VARIABLE = YES;
				IPHONEOS_DEPLOYMENT_TARGET = 11.3;
				MTL_ENABLE_DEBUG_INFO = NO;
				SDKROOT = iphoneos;
				SWIFT_OPTIMIZATION_LEVEL = "-Owholemodule";
				VALIDATE_PRODUCT = YES;
			};
			name = Release;
		};
		06A14D7F2074B3E20039C2BA /* Debug */ = {
			isa = XCBuildConfiguration;
			buildSettings = {
				ALWAYS_EMBED_SWIFT_STANDARD_LIBRARIES = YES;
				ASSETCATALOG_COMPILER_APPICON_NAME = AppIcon;
				CLANG_ENABLE_MODULES = YES;
				CODE_SIGN_STYLE = Automatic;
				INFOPLIST_FILE = Keystone/Info.plist;
				LD_RUNPATH_SEARCH_PATHS = "$(inherited) @executable_path/Frameworks";
				PRODUCT_BUNDLE_IDENTIFIER = com.softchoice.Keystone;
				PRODUCT_NAME = "$(TARGET_NAME)";
				SWIFT_OPTIMIZATION_LEVEL = "-Onone";
				SWIFT_VERSION = 4.0;
				TARGETED_DEVICE_FAMILY = "1,2";
			};
			name = Debug;
		};
		06A14D802074B3E20039C2BA /* Release */ = {
			isa = XCBuildConfiguration;
			buildSettings = {
				ALWAYS_EMBED_SWIFT_STANDARD_LIBRARIES = YES;
				ASSETCATALOG_COMPILER_APPICON_NAME = AppIcon;
				CLANG_ENABLE_MODULES = YES;
				CODE_SIGN_STYLE = Automatic;
				INFOPLIST_FILE = Keystone/Info.plist;
				LD_RUNPATH_SEARCH_PATHS = "$(inherited) @executable_path/Frameworks";
				PRODUCT_BUNDLE_IDENTIFIER = com.softchoice.Keystone;
				PRODUCT_NAME = "$(TARGET_NAME)";
				SWIFT_VERSION = 4.0;
				TARGETED_DEVICE_FAMILY = "1,2";
			};
			name = Release;
		};
/* End XCBuildConfiguration section */

/* Begin XCConfigurationList section */
		06A14D642074B3E20039C2BA /* Build configuration list for PBXProject "Keystone" */ = {
			isa = XCConfigurationList;
			buildConfigurations = (
				06A14D7C2074B3E20039C2BA /* Debug */,
				06A14D7D2074B3E20039C2BA /* Release */,
			);
			defaultConfigurationIsVisible = 0;
			defaultConfigurationName = Release;
		};
		06A14D7E2074B3E20039C2BA /* Build configuration list for PBXNativeTarget "Keystone" */ = {
			isa = XCConfigurationList;
			buildConfigurations = (
				06A14D7F2074B3E20039C2BA /* Debug */,
				06A14D802074B3E20039C2BA /* Release */,
			);
			defaultConfigurationIsVisible = 0;
			defaultConfigurationName = Release;
		};
/* End XCConfigurationList section */

/* Begin XCVersionGroup section */
		06A14D732074B3E20039C2BA /* Keystone.xcdatamodeld */ = {
			isa = XCVersionGroup;
			children = (
				06A14D742074B3E20039C2BA /* Keystone.xcdatamodel */,
			);
			currentVersion = 06A14D742074B3E20039C2BA /* Keystone.xcdatamodel */;
			path = Keystone.xcdatamodeld;
			sourceTree = "<group>";
			versionGroupType = wrapper.xcdatamodel;
		};
/* End XCVersionGroup section */
	};
	rootObject = 06A14D612074B3E20039C2BA /* Project object */;
}
